
Microsoft Visual Studio Solution File, Format Version 12.00
# Visual Studio Version 16
VisualStudioVersion = 16.0.31424.327
MinimumVisualStudioVersion = 10.0.40219.1
Project("{FAE04EC0-301F-11D3-BF4B-00C04F79EFBC}") = "Template Matcher", "Template Matcher\Template Matcher.csproj", "{FFFB7027-5FD6-494A-8A6A-045BF80A6BBD}"
EndProject
Global
	GlobalSection(SolutionConfigurationPlatforms) = preSolution
		Debug|Any CPU = Debug|Any CPU
		Release|Any CPU = Release|Any CPU
	EndGlobalSection
	GlobalSection(ProjectConfigurationPlatforms) = postSolution
		{FFFB7027-5FD6-494A-8A6A-045BF80A6BBD}.Debug|Any CPU.ActiveCfg = Debug|Any CPU
		{FFFB7027-5FD6-494A-8A6A-045BF80A6BBD}.Debug|Any CPU.Build.0 = Debug|Any CPU
		{FFFB7027-5FD6-494A-8A6A-045BF80A6BBD}.Release|Any CPU.ActiveCfg = Release|Any CPU
		{FFFB7027-5FD6-494A-8A6A-045BF80A6BBD}.Release|Any CPU.Build.0 = Release|Any CPU
	EndGlobalSection
	GlobalSection(SolutionProperties) = preSolution
		HideSolutionNode = FALSE
	EndGlobalSection
	GlobalSection(ExtensibilityGlobals) = postSolution
		SolutionGuid = {F7724F51-31FE-4D2C-A568-2F40087AFB0F}
	EndGlobalSection
EndGlobal
